
Microsoft Visual Studio Solution File, Format Version 12.00
# Visual Studio Version 17
VisualStudioVersion = 17.6.33829.357
MinimumVisualStudioVersion = 10.0.40219.1
Project("{FAE04EC0-301F-11D3-BF4B-00C04F79EFBC}") = "COM_INFO", "COM_INFO.csproj", "{5E015568-18A5-4F27-BC26-C470CEEFF8FF}"
EndProject
Global
	GlobalSection(SolutionConfigurationPlatforms) = preSolution
		Debug|Any CPU = Debug|Any CPU
		Release|Any CPU = Release|Any CPU
	EndGlobalSection
	GlobalSection(ProjectConfigurationPlatforms) = postSolution
		{5E015568-18A5-4F27-BC26-C470CEEFF8FF}.Debug|Any CPU.ActiveCfg = Debug|Any CPU
		{5E015568-18A5-4F27-BC26-C470CEEFF8FF}.Debug|Any CPU.Build.0 = Debug|Any CPU
		{5E015568-18A5-4F27-BC26-C470CEEFF8FF}.Release|Any CPU.ActiveCfg = Release|Any CPU
		{5E015568-18A5-4F27-BC26-C470CEEFF8FF}.Release|Any CPU.Build.0 = Release|Any CPU
	EndGlobalSection
	GlobalSection(SolutionProperties) = preSolution
		HideSolutionNode = FALSE
	EndGlobalSection
	GlobalSection(ExtensibilityGlobals) = postSolution
		SolutionGuid = {247D65C5-D05C-4537-BE1D-4F885BF39A8F}
	EndGlobalSection
EndGlobal
